{
  "version": 4,
  "terraform_version": "1.5.7",
  "serial": 1,
  "lineage": "fa198f03-858d-e099-4366-d1ef2e8b564d",
  "outputs": {},
  "resources": [
    {
      "mode": "managed",
      "type": "vercel_project",
      "name": "discount-code-generator",
      "provider": "provider[\"registry.terraform.io/vercel/vercel\"]",
      "instances": [
        {
          "schema_version": 0,
          "attributes": {
            "automatically_expose_system_environment_variables": true,
            "build_command": "yarn build",
            "dev_command": null,
            "environment": [
              {
                "git_branch": null,
                "id": "HCtoMEUXZ6YsYsFX",
                "key": "APPLICATION_URL",
                "sensitive": false,
                "target": [
                  "development",
                  "preview",
                  "production"
                ],
                "value": "https://discount-code-generator.vercel.app/"
              },
              {
                "git_branch": null,
                "id": "SL1q5o9lzWUR0IYs",
                "key": "INITIAL_PROJECT_KEY",
                "sensitive": false,
                "target": [
                  "development",
                  "preview",
                  "production"
                ],
                "value": "tech-sales-good-store"
              },
              {
                "git_branch": null,
                "id": "ea4A0Kp1MQ0HE4gX",
                "key": "CUSTOM_VIEW_ID",
                "sensitive": false,
                "target": [
                  "development",
                  "preview",
                  "production"
                ],
                "value": "clus9pk7z001xq7z3cjvx2dmx"
              }
            ],
            "framework": "create-react-app",
            "git_repository": {
              "production_branch": "main",
              "repo": "phofmann/discount-code-generator",
              "type": "github"
            },
            "id": "prj_xZSI8AMqCQHGSOsKz92JMOtbDXvG",
            "ignore_command": null,
            "install_command": null,
            "name": "discount-code-generator",
            "output_directory": "public",
            "password_protection": null,
            "protection_bypass_for_automation": null,
            "protection_bypass_for_automation_secret": null,
            "public_source": null,
            "root_directory": "discount-code-app",
            "serverless_function_region": null,
            "team_id": null,
            "trusted_ips": null,
            "vercel_authentication": {
              "deployment_type": "standard_protection"
            }
          },
          "sensitive_attributes": [
            [
              {
                "type": "get_attr",
                "value": "environment"
              }
            ]
          ]
        }
      ]
    }
  ],
  "check_results": null
}
